PODS:
  - iOS-WebP (0.4):
    - libwebp (~> 0.4.2)
  - libwebp (0.4.4):
    - libwebp/core (= 0.4.4)
    - libwebp/dec (= 0.4.4)
    - libwebp/demux (= 0.4.4)
    - libwebp/dsp (= 0.4.4)
    - libwebp/enc (= 0.4.4)
    - libwebp/mux (= 0.4.4)
    - libwebp/utils (= 0.4.4)
    - libwebp/webp (= 0.4.4)
  - libwebp/core (0.4.4):
    - libwebp/webp
  - libwebp/dec (0.4.4):
    - libwebp/core
  - libwebp/demux (0.4.4):
    - libwebp/core
  - libwebp/dsp (0.4.4):
    - libwebp/core
  - libwebp/enc (0.4.4):
    - libwebp/core
  - libwebp/mux (0.4.4):
    - libwebp/core
  - libwebp/utils (0.4.4):
    - libwebp/core
  - libwebp/webp (0.4.4)

DEPENDENCIES:
  - iOS-WebP

SPEC CHECKSUMS:
  iOS-WebP: 436d3c506b7587bdef926d1d1c76f8dbf3905edc
  libwebp: 7d74f1ab887df77f23493ce115c9424fad5411b5

PODFILE CHECKSUM: 3ca30577b735eefcd1ecf0eaa7c6c3ff08e30c55

COCOAPODS: 1.2.1
